# This file is generated by running "yarn install" inside your project.
# Manual changes might be lost - proceed with caution!

__metadata:
  version: 6
  cacheKey: 8

"@prisma/engines@npm:4.6.1":
  version: 4.6.1
  resolution: "@prisma/engines@npm:4.6.1"
  checksum: ca49b8ffdfc69fe8ed8362d2670f46e7f6333e5ee92096ac88aada2cec0763e29def0e7c23dc5703cec29e14b067bad3bd52475badcbf687e5483c9dbaed05e8
  languageName: node
  linkType: hard

"backend@workspace:.":
  version: 0.0.0-use.local
  resolution: "backend@workspace:."
  dependencies:
    prisma: ^4.6.1
  languageName: unknown
  linkType: soft

"prisma@npm:^4.6.1":
  version: 4.6.1
  resolution: "prisma@npm:4.6.1"
  dependencies:
    "@prisma/engines": 4.6.1
  bin:
    prisma: build/index.js
    prisma2: build/index.js
  checksum: 8041ac71b383bff3e737c2f1a047c89d8ff7684640fe842233186a561996f607b2eacb9451df6fc0135fe1ec53a8fe0dd1edbc84b3c58becad9d38850f5f0bf4
  languageName: node
  linkType: hard
